Microsoft Visual Studio Solution File, Format Version 12.00
# Visual Studio Version 17
VisualStudioVersion = 17.5.2.0
MinimumVisualStudioVersion = 10.0.40219.1
Project("{FAE04EC0-301F-11D3-BF4B-00C04F79EFBC}") = "APImom4", "APImom4.csproj", "{B2057C68-F891-3CE9-9710-089724263A8C}"
EndProject
Global
	GlobalSection(SolutionConfigurationPlatforms) = preSolution
		Debug|Any CPU = Debug|Any CPU
		Release|Any CPU = Release|Any CPU
	EndGlobalSection
	GlobalSection(ProjectConfigurationPlatforms) = postSolution
		{B2057C68-F891-3CE9-9710-089724263A8C}.Debug|Any CPU.ActiveCfg = Debug|Any CPU
		{B2057C68-F891-3CE9-9710-089724263A8C}.Debug|Any CPU.Build.0 = Debug|Any CPU
		{B2057C68-F891-3CE9-9710-089724263A8C}.Release|Any CPU.ActiveCfg = Release|Any CPU
		{B2057C68-F891-3CE9-9710-089724263A8C}.Release|Any CPU.Build.0 = Release|Any CPU
	EndGlobalSection
	GlobalSection(SolutionProperties) = preSolution
		HideSolutionNode = FALSE
	EndGlobalSection
	GlobalSection(ExtensibilityGlobals) = postSolution
		SolutionGuid = {C35DB838-4A77-448D-A85A-A7C0E39AC763}
	EndGlobalSection
EndGlobal
